
Microsoft Visual Studio Solution File, Format Version 12.00
# Visual Studio Version 17
VisualStudioVersion = 17.13.35818.85
MinimumVisualStudioVersion = 10.0.40219.1
Project("{8BC9CEB8-8B4A-11D0-8D11-00A0C91BC942}") = "relb", "relb.vcxproj", "{36C24A57-920C-4978-A1E4-CD5B36DAEEEB}"
	ProjectSection(ProjectDependencies) = postProject
		{4A435BFE-D414-4FFA-8364-672A2B7FFF01} = {4A435BFE-D414-4FFA-8364-672A2B7FFF01}
	EndProjectSection
EndProject
Project("{8BC9CEB8-8B4A-11D0-8D11-00A0C91BC942}") = "PTypes_Lib", "..\ptypes\win32\PTypes_Lib.vcxproj", "{4A435BFE-D414-4FFA-8364-672A2B7FFF01}"
EndProject
Global
	GlobalSection(SolutionConfigurationPlatforms) = preSolution
		Debug|Win32 = Debug|Win32
		Release|Win32 = Release|Win32
	EndGlobalSection
	GlobalSection(ProjectConfigurationPlatforms) = postSolution
		{36C24A57-920C-4978-A1E4-CD5B36DAEEEB}.Debug|Win32.ActiveCfg = Debug|Win32
		{36C24A57-920C-4978-A1E4-CD5B36DAEEEB}.Debug|Win32.Build.0 = Debug|Win32
		{36C24A57-920C-4978-A1E4-CD5B36DAEEEB}.Release|Win32.ActiveCfg = Release|Win32
		{36C24A57-920C-4978-A1E4-CD5B36DAEEEB}.Release|Win32.Build.0 = Release|Win32
		{4A435BFE-D414-4FFA-8364-672A2B7FFF01}.Debug|Win32.ActiveCfg = Debug|Win32
		{4A435BFE-D414-4FFA-8364-672A2B7FFF01}.Debug|Win32.Build.0 = Debug|Win32
		{4A435BFE-D414-4FFA-8364-672A2B7FFF01}.Release|Win32.ActiveCfg = Release|Win32
		{4A435BFE-D414-4FFA-8364-672A2B7FFF01}.Release|Win32.Build.0 = Release|Win32
	EndGlobalSection
	GlobalSection(SolutionProperties) = preSolution
		HideSolutionNode = FALSE
	EndGlobalSection
	GlobalSection(ExtensibilityGlobals) = postSolution
		SolutionGuid = {01EF8E00-A7BE-49F4-8F46-F5E31622F0C8}
	EndGlobalSection
EndGlobal
